
Microsoft Visual Studio Solution File, Format Version 12.00
# Visual Studio Version 17
VisualStudioVersion = 17.5.33414.496
MinimumVisualStudioVersion = 10.0.40219.1
Project("{9A19103F-16F7-4668-BE54-9A1E7A4F7556}") = "Matrix2D", "Matrix2D\Matrix2D.csproj", "{BBD5BF88-E409-4C14-B5F8-DD06BDE1A871}"
EndProject
Project("{FAE04EC0-301F-11D3-BF4B-00C04F79EFBC}") = "Matrix2DTest", "Matrix2DTest\Matrix2DTest.csproj", "{8C6298B2-9B90-4735-878E-2B182F57CDA1}"
	ProjectSection(ProjectDependencies) = postProject
		{BBD5BF88-E409-4C14-B5F8-DD06BDE1A871} = {BBD5BF88-E409-4C14-B5F8-DD06BDE1A871}
	EndProjectSection
EndProject
Global
	GlobalSection(SolutionConfigurationPlatforms) = preSolution
		Debug|Any CPU = Debug|Any CPU
		Release|Any CPU = Release|Any CPU
	EndGlobalSection
	GlobalSection(ProjectConfigurationPlatforms) = postSolution
		{BBD5BF88-E409-4C14-B5F8-DD06BDE1A871}.Debug|Any CPU.ActiveCfg = Debug|Any CPU
		{BBD5BF88-E409-4C14-B5F8-DD06BDE1A871}.Debug|Any CPU.Build.0 = Debug|Any CPU
		{BBD5BF88-E409-4C14-B5F8-DD06BDE1A871}.Release|Any CPU.ActiveCfg = Release|Any CPU
		{BBD5BF88-E409-4C14-B5F8-DD06BDE1A871}.Release|Any CPU.Build.0 = Release|Any CPU
		{8C6298B2-9B90-4735-878E-2B182F57CDA1}.Debug|Any CPU.ActiveCfg = Debug|Any CPU
		{8C6298B2-9B90-4735-878E-2B182F57CDA1}.Debug|Any CPU.Build.0 = Debug|Any CPU
		{8C6298B2-9B90-4735-878E-2B182F57CDA1}.Release|Any CPU.ActiveCfg = Release|Any CPU
		{8C6298B2-9B90-4735-878E-2B182F57CDA1}.Release|Any CPU.Build.0 = Release|Any CPU
	EndGlobalSection
	GlobalSection(SolutionProperties) = preSolution
		HideSolutionNode = FALSE
	EndGlobalSection
	GlobalSection(ExtensibilityGlobals) = postSolution
		SolutionGuid = {E7167593-71E5-4E2B-9FB7-2B674EF9B1DF}
	EndGlobalSection
EndGlobal
